
Microsoft Visual Studio Solution File, Format Version 12.00
# Visual Studio Version 17
VisualStudioVersion = 17.8.34511.84
MinimumVisualStudioVersion = 10.0.40219.1
Project("{FAE04EC0-301F-11D3-BF4B-00C04F79EFBC}") = "ST10230097_PROG6221", "ST10230097_PROG6221\ST10230097_PROG6221.csproj", "{8E373EA6-165D-4416-8696-42A383FAA96A}"
EndProject
Global
	GlobalSection(SolutionConfigurationPlatforms) = preSolution
		Debug|Any CPU = Debug|Any CPU
		Release|Any CPU = Release|Any CPU
	EndGlobalSection
	GlobalSection(ProjectConfigurationPlatforms) = postSolution
		{8E373EA6-165D-4416-8696-42A383FAA96A}.Debug|Any CPU.ActiveCfg = Debug|Any CPU
		{8E373EA6-165D-4416-8696-42A383FAA96A}.Debug|Any CPU.Build.0 = Debug|Any CPU
		{8E373EA6-165D-4416-8696-42A383FAA96A}.Release|Any CPU.ActiveCfg = Release|Any CPU
		{8E373EA6-165D-4416-8696-42A383FAA96A}.Release|Any CPU.Build.0 = Release|Any CPU
	EndGlobalSection
	GlobalSection(SolutionProperties) = preSolution
		HideSolutionNode = FALSE
	EndGlobalSection
	GlobalSection(ExtensibilityGlobals) = postSolution
		SolutionGuid = {19964EBC-ED86-4431-A7BE-3DBDE0F35E84}
	EndGlobalSection
EndGlobal
